
Microsoft Visual Studio Solution File, Format Version 12.00
# Visual Studio 14
VisualStudioVersion = 14.0.25420.1
MinimumVisualStudioVersion = 10.0.40219.1
Project("{2150E333-8FDC-42A3-9474-1A3956D46DE8}") = "1. WindowsService", "1. WindowsService", "{077F4E81-F1B7-4C89-B904-48ABBA3AF0A0}"
EndProject
Project("{2150E333-8FDC-42A3-9474-1A3956D46DE8}") = "2. Core", "2. Core", "{B349A8DD-0FB5-4BA7-AE45-0CA3354E7117}"
EndProject
Project("{2150E333-8FDC-42A3-9474-1A3956D46DE8}") = "3. Tests", "3. Tests", "{8AB618B0-0858-439E-9CB0-77ADF12906D6}"
EndProject
Project("{FAE04EC0-301F-11D3-BF4B-00C04F79EFBC}") = "AccessToMySQL.WindowsService", "1. WindowsService\AccessToMySQL.WindowsService\AccessToMySQL.WindowsService.csproj", "{E7DC918A-4BC4-4D0E-9468-4858D27432D6}"
EndProject
Project("{FAE04EC0-301F-11D3-BF4B-00C04F79EFBC}") = "AccessToMySQL.Batch", "2. Core\AccessToMySQL.Batch\AccessToMySQL.Batch.csproj", "{993DD406-A52C-4603-8A08-82115B0BF458}"
EndProject
Project("{FAE04EC0-301F-11D3-BF4B-00C04F79EFBC}") = "AccessToMySQL.Core", "2. Core\AccessToMySQL.Core\AccessToMySQL.Core.csproj", "{859F8F94-CD9F-4C22-958B-96AF1E0C3614}"
EndProject
Project("{FAE04EC0-301F-11D3-BF4B-00C04F79EFBC}") = "AccessToMySQL.DataAccess", "2. Core\AccessToMySQL.DataAccess\AccessToMySQL.DataAccess.csproj", "{EDDD6012-E06F-4CAE-B7F4-31EE92D4A520}"
EndProject
Project("{FAE04EC0-301F-11D3-BF4B-00C04F79EFBC}") = "AccessToMySQL.Entities", "2. Core\AccessToMySQL.Entities\AccessToMySQL.Entities.csproj", "{F2D38F1C-9033-4F6A-862C-6B41207B7403}"
EndProject
Project("{FAE04EC0-301F-11D3-BF4B-00C04F79EFBC}") = "AccessToMySQL.Infrastructure", "2. Core\AccessToMySQL.Infrastructure\AccessToMySQL.Infrastructure.csproj", "{FC25A967-FAD6-44D1-B273-DAEC3EE84BC3}"
EndProject
Project("{FAE04EC0-301F-11D3-BF4B-00C04F79EFBC}") = "AccessToMySQL.Service", "2. Core\AccessToMySQL.Service\AccessToMySQL.Service.csproj", "{F3A35990-F07F-4039-AC70-32FCAC02B0FE}"
EndProject
Project("{FAE04EC0-301F-11D3-BF4B-00C04F79EFBC}") = "WindowsForms", "3. Tests\WindowsForms\WindowsForms.csproj", "{140BF950-B1C6-497D-A7D6-1FAD15796E27}"
EndProject
Global
	GlobalSection(SolutionConfigurationPlatforms) = preSolution
		Debug|Any CPU = Debug|Any CPU
		Release|Any CPU = Release|Any CPU
	EndGlobalSection
	GlobalSection(ProjectConfigurationPlatforms) = postSolution
		{E7DC918A-4BC4-4D0E-9468-4858D27432D6}.Debug|Any CPU.ActiveCfg = Debug|Any CPU
		{E7DC918A-4BC4-4D0E-9468-4858D27432D6}.Debug|Any CPU.Build.0 = Debug|Any CPU
		{E7DC918A-4BC4-4D0E-9468-4858D27432D6}.Release|Any CPU.ActiveCfg = Release|Any CPU
		{E7DC918A-4BC4-4D0E-9468-4858D27432D6}.Release|Any CPU.Build.0 = Release|Any CPU
		{993DD406-A52C-4603-8A08-82115B0BF458}.Debug|Any CPU.ActiveCfg = Debug|Any CPU
		{993DD406-A52C-4603-8A08-82115B0BF458}.Debug|Any CPU.Build.0 = Debug|Any CPU
		{993DD406-A52C-4603-8A08-82115B0BF458}.Release|Any CPU.ActiveCfg = Release|Any CPU
		{993DD406-A52C-4603-8A08-82115B0BF458}.Release|Any CPU.Build.0 = Release|Any CPU
		{859F8F94-CD9F-4C22-958B-96AF1E0C3614}.Debug|Any CPU.ActiveCfg = Debug|Any CPU
		{859F8F94-CD9F-4C22-958B-96AF1E0C3614}.Debug|Any CPU.Build.0 = Debug|Any CPU
		{859F8F94-CD9F-4C22-958B-96AF1E0C3614}.Release|Any CPU.ActiveCfg = Release|Any CPU
		{859F8F94-CD9F-4C22-958B-96AF1E0C3614}.Release|Any CPU.Build.0 = Release|Any CPU
		{EDDD6012-E06F-4CAE-B7F4-31EE92D4A520}.Debug|Any CPU.ActiveCfg = Debug|Any CPU
		{EDDD6012-E06F-4CAE-B7F4-31EE92D4A520}.Debug|Any CPU.Build.0 = Debug|Any CPU
		{EDDD6012-E06F-4CAE-B7F4-31EE92D4A520}.Release|Any CPU.ActiveCfg = Release|Any CPU
		{EDDD6012-E06F-4CAE-B7F4-31EE92D4A520}.Release|Any CPU.Build.0 = Release|Any CPU
		{F2D38F1C-9033-4F6A-862C-6B41207B7403}.Debug|Any CPU.ActiveCfg = Debug|Any CPU
		{F2D38F1C-9033-4F6A-862C-6B41207B7403}.Debug|Any CPU.Build.0 = Debug|Any CPU
		{F2D38F1C-9033-4F6A-862C-6B41207B7403}.Release|Any CPU.ActiveCfg = Release|Any CPU
		{F2D38F1C-9033-4F6A-862C-6B41207B7403}.Release|Any CPU.Build.0 = Release|Any CPU
		{FC25A967-FAD6-44D1-B273-DAEC3EE84BC3}.Debug|Any CPU.ActiveCfg = Debug|Any CPU
		{FC25A967-FAD6-44D1-B273-DAEC3EE84BC3}.Debug|Any CPU.Build.0 = Debug|Any CPU
		{FC25A967-FAD6-44D1-B273-DAEC3EE84BC3}.Release|Any CPU.ActiveCfg = Release|Any CPU
		{FC25A967-FAD6-44D1-B273-DAEC3EE84BC3}.Release|Any CPU.Build.0 = Release|Any CPU
		{F3A35990-F07F-4039-AC70-32FCAC02B0FE}.Debug|Any CPU.ActiveCfg = Debug|Any CPU
		{F3A35990-F07F-4039-AC70-32FCAC02B0FE}.Debug|Any CPU.Build.0 = Debug|Any CPU
		{F3A35990-F07F-4039-AC70-32FCAC02B0FE}.Release|Any CPU.ActiveCfg = Release|Any CPU
		{F3A35990-F07F-4039-AC70-32FCAC02B0FE}.Release|Any CPU.Build.0 = Release|Any CPU
		{140BF950-B1C6-497D-A7D6-1FAD15796E27}.Debug|Any CPU.ActiveCfg = Debug|Any CPU
		{140BF950-B1C6-497D-A7D6-1FAD15796E27}.Debug|Any CPU.Build.0 = Debug|Any CPU
		{140BF950-B1C6-497D-A7D6-1FAD15796E27}.Release|Any CPU.ActiveCfg = Release|Any CPU
		{140BF950-B1C6-497D-A7D6-1FAD15796E27}.Release|Any CPU.Build.0 = Release|Any CPU
	EndGlobalSection
	GlobalSection(SolutionProperties) = preSolution
		HideSolutionNode = FALSE
	EndGlobalSection
	GlobalSection(NestedProjects) = preSolution
		{E7DC918A-4BC4-4D0E-9468-4858D27432D6} = {077F4E81-F1B7-4C89-B904-48ABBA3AF0A0}
		{993DD406-A52C-4603-8A08-82115B0BF458} = {B349A8DD-0FB5-4BA7-AE45-0CA3354E7117}
		{859F8F94-CD9F-4C22-958B-96AF1E0C3614} = {B349A8DD-0FB5-4BA7-AE45-0CA3354E7117}
		{EDDD6012-E06F-4CAE-B7F4-31EE92D4A520} = {B349A8DD-0FB5-4BA7-AE45-0CA3354E7117}
		{F2D38F1C-9033-4F6A-862C-6B41207B7403} = {B349A8DD-0FB5-4BA7-AE45-0CA3354E7117}
		{FC25A967-FAD6-44D1-B273-DAEC3EE84BC3} = {B349A8DD-0FB5-4BA7-AE45-0CA3354E7117}
		{F3A35990-F07F-4039-AC70-32FCAC02B0FE} = {B349A8DD-0FB5-4BA7-AE45-0CA3354E7117}
		{140BF950-B1C6-497D-A7D6-1FAD15796E27} = {8AB618B0-0858-439E-9CB0-77ADF12906D6}
	EndGlobalSection
EndGlobal
